
Microsoft Visual Studio Solution File, Format Version 12.00
# Visual Studio Version 16
VisualStudioVersion = 16.0.31613.86
MinimumVisualStudioVersion = 10.0.40219.1
Project("{FAE04EC0-301F-11D3-BF4B-00C04F79EFBC}") = "CloneClownDeamon", "CloneClownDeamon\CloneClownDeamon.csproj", "{64D43CB5-D1DB-4A5F-8AAE-031D0E6F0A61}"
EndProject
Global
	GlobalSection(SolutionConfigurationPlatforms) = preSolution
		Debug|Any CPU = Debug|Any CPU
		Release|Any CPU = Release|Any CPU
	EndGlobalSection
	GlobalSection(ProjectConfigurationPlatforms) = postSolution
		{64D43CB5-D1DB-4A5F-8AAE-031D0E6F0A61}.Debug|Any CPU.ActiveCfg = Debug|Any CPU
		{64D43CB5-D1DB-4A5F-8AAE-031D0E6F0A61}.Debug|Any CPU.Build.0 = Debug|Any CPU
		{64D43CB5-D1DB-4A5F-8AAE-031D0E6F0A61}.Release|Any CPU.ActiveCfg = Release|Any CPU
		{64D43CB5-D1DB-4A5F-8AAE-031D0E6F0A61}.Release|Any CPU.Build.0 = Release|Any CPU
	EndGlobalSection
	GlobalSection(SolutionProperties) = preSolution
		HideSolutionNode = FALSE
	EndGlobalSection
	GlobalSection(ExtensibilityGlobals) = postSolution
		SolutionGuid = {A3A0D3EB-4C68-4753-8B74-92BC851FB705}
	EndGlobalSection
EndGlobal
